
Microsoft Visual Studio Solution File, Format Version 12.00
# Visual Studio Version 16
VisualStudioVersion = 16.0.30804.86
MinimumVisualStudioVersion = 10.0.40219.1
Project("{FAE04EC0-301F-11D3-BF4B-00C04F79EFBC}") = "PeterLeslieMorris.Correlation", "PeterLeslieMorris.Correlation\PeterLeslieMorris.Correlation.csproj", "{BEE147D5-0CED-4D6E-95AE-E2FF9B2446B7}"
EndProject
Global
	GlobalSection(SolutionConfigurationPlatforms) = preSolution
		Debug|Any CPU = Debug|Any CPU
		Release|Any CPU = Release|Any CPU
	EndGlobalSection
	GlobalSection(ProjectConfigurationPlatforms) = postSolution
		{BEE147D5-0CED-4D6E-95AE-E2FF9B2446B7}.Debug|Any CPU.ActiveCfg = Debug|Any CPU
		{BEE147D5-0CED-4D6E-95AE-E2FF9B2446B7}.Debug|Any CPU.Build.0 = Debug|Any CPU
		{BEE147D5-0CED-4D6E-95AE-E2FF9B2446B7}.Release|Any CPU.ActiveCfg = Release|Any CPU
		{BEE147D5-0CED-4D6E-95AE-E2FF9B2446B7}.Release|Any CPU.Build.0 = Release|Any CPU
	EndGlobalSection
	GlobalSection(SolutionProperties) = preSolution
		HideSolutionNode = FALSE
	EndGlobalSection
	GlobalSection(ExtensibilityGlobals) = postSolution
		SolutionGuid = {B7431C1F-D75C-4F70-B629-92E06A9EBA77}
	EndGlobalSection
EndGlobal
